
Microsoft Visual Studio Solution File, Format Version 12.00
# Visual Studio 15
VisualStudioVersion = 15.0.27703.2035
MinimumVisualStudioVersion = 10.0.40219.1
Project("{FAE04EC0-301F-11D3-BF4B-00C04F79EFBC}") = "SW-sdk", "SW-sdk\SW-sdk.csproj", "{AF098077-A47A-4D9B-AFFC-2ABC12706465}"
EndProject
Project("{FAE04EC0-301F-11D3-BF4B-00C04F79EFBC}") = "Test_SW-sdk", "Test_SW-sdk\Test_SW-sdk.csproj", "{A3DF2530-E5E9-43E5-A577-1B4427592522}"
EndProject
Project("{FAE04EC0-301F-11D3-BF4B-00C04F79EFBC}") = "SW-sdk-45", "SW-sdk-45\SW-sdk-45.csproj", "{18D79B1D-DDE7-4AC1-A6D9-6CB6B405C411}"
EndProject
Project("{FAE04EC0-301F-11D3-BF4B-00C04F79EFBC}") = "Test_SW-sdk-45", "Test_SW-sdk-45\Test_SW-sdk-45.csproj", "{6D7883F0-FF8E-477B-B915-446731B70948}"
EndProject
Project("{FAE04EC0-301F-11D3-BF4B-00C04F79EFBC}") = "SAT.Services", "SAT.Services\SAT.Services.csproj", "{58728355-476D-4F26-84DB-E8CC0E2C51A1}"
EndProject
Global
	GlobalSection(SolutionConfigurationPlatforms) = preSolution
		Debug|Any CPU = Debug|Any CPU
		Debug|ARM = Debug|ARM
		Debug|x64 = Debug|x64
		Debug|x86 = Debug|x86
		Release|Any CPU = Release|Any CPU
		Release|ARM = Release|ARM
		Release|x64 = Release|x64
		Release|x86 = Release|x86
	EndGlobalSection
	GlobalSection(ProjectConfigurationPlatforms) = postSolution
		{AF098077-A47A-4D9B-AFFC-2ABC12706465}.Debug|Any CPU.ActiveCfg = Debug|Any CPU
		{AF098077-A47A-4D9B-AFFC-2ABC12706465}.Debug|Any CPU.Build.0 = Debug|Any CPU
		{AF098077-A47A-4D9B-AFFC-2ABC12706465}.Debug|ARM.ActiveCfg = Debug|Any CPU
		{AF098077-A47A-4D9B-AFFC-2ABC12706465}.Debug|ARM.Build.0 = Debug|Any CPU
		{AF098077-A47A-4D9B-AFFC-2ABC12706465}.Debug|x64.ActiveCfg = Debug|Any CPU
		{AF098077-A47A-4D9B-AFFC-2ABC12706465}.Debug|x64.Build.0 = Debug|Any CPU
		{AF098077-A47A-4D9B-AFFC-2ABC12706465}.Debug|x86.ActiveCfg = Debug|Any CPU
		{AF098077-A47A-4D9B-AFFC-2ABC12706465}.Debug|x86.Build.0 = Debug|Any CPU
		{AF098077-A47A-4D9B-AFFC-2ABC12706465}.Release|Any CPU.ActiveCfg = Release|Any CPU
		{AF098077-A47A-4D9B-AFFC-2ABC12706465}.Release|Any CPU.Build.0 = Release|Any CPU
		{AF098077-A47A-4D9B-AFFC-2ABC12706465}.Release|ARM.ActiveCfg = Release|Any CPU
		{AF098077-A47A-4D9B-AFFC-2ABC12706465}.Release|ARM.Build.0 = Release|Any CPU
		{AF098077-A47A-4D9B-AFFC-2ABC12706465}.Release|x64.ActiveCfg = Release|Any CPU
		{AF098077-A47A-4D9B-AFFC-2ABC12706465}.Release|x64.Build.0 = Release|Any CPU
		{AF098077-A47A-4D9B-AFFC-2ABC12706465}.Release|x86.ActiveCfg = Release|Any CPU
		{AF098077-A47A-4D9B-AFFC-2ABC12706465}.Release|x86.Build.0 = Release|Any CPU
		{A3DF2530-E5E9-43E5-A577-1B4427592522}.Debug|Any CPU.ActiveCfg = Debug|Any CPU
		{A3DF2530-E5E9-43E5-A577-1B4427592522}.Debug|Any CPU.Build.0 = Debug|Any CPU
		{A3DF2530-E5E9-43E5-A577-1B4427592522}.Debug|ARM.ActiveCfg = Debug|Any CPU
		{A3DF2530-E5E9-43E5-A577-1B4427592522}.Debug|ARM.Build.0 = Debug|Any CPU
		{A3DF2530-E5E9-43E5-A577-1B4427592522}.Debug|x64.ActiveCfg = Debug|Any CPU
		{A3DF2530-E5E9-43E5-A577-1B4427592522}.Debug|x64.Build.0 = Debug|Any CPU
		{A3DF2530-E5E9-43E5-A577-1B4427592522}.Debug|x86.ActiveCfg = Debug|Any CPU
		{A3DF2530-E5E9-43E5-A577-1B4427592522}.Debug|x86.Build.0 = Debug|Any CPU
		{A3DF2530-E5E9-43E5-A577-1B4427592522}.Release|Any CPU.ActiveCfg = Release|Any CPU
		{A3DF2530-E5E9-43E5-A577-1B4427592522}.Release|Any CPU.Build.0 = Release|Any CPU
		{A3DF2530-E5E9-43E5-A577-1B4427592522}.Release|ARM.ActiveCfg = Release|Any CPU
		{A3DF2530-E5E9-43E5-A577-1B4427592522}.Release|ARM.Build.0 = Release|Any CPU
		{A3DF2530-E5E9-43E5-A577-1B4427592522}.Release|x64.ActiveCfg = Release|Any CPU
		{A3DF2530-E5E9-43E5-A577-1B4427592522}.Release|x64.Build.0 = Release|Any CPU
		{A3DF2530-E5E9-43E5-A577-1B4427592522}.Release|x86.ActiveCfg = Release|Any CPU
		{A3DF2530-E5E9-43E5-A577-1B4427592522}.Release|x86.Build.0 = Release|Any CPU
		{18D79B1D-DDE7-4AC1-A6D9-6CB6B405C411}.Debug|Any CPU.ActiveCfg = Debug|Any CPU
		{18D79B1D-DDE7-4AC1-A6D9-6CB6B405C411}.Debug|Any CPU.Build.0 = Debug|Any CPU
		{18D79B1D-DDE7-4AC1-A6D9-6CB6B405C411}.Debug|ARM.ActiveCfg = Debug|Any CPU
		{18D79B1D-DDE7-4AC1-A6D9-6CB6B405C411}.Debug|ARM.Build.0 = Debug|Any CPU
		{18D79B1D-DDE7-4AC1-A6D9-6CB6B405C411}.Debug|x64.ActiveCfg = Debug|Any CPU
		{18D79B1D-DDE7-4AC1-A6D9-6CB6B405C411}.Debug|x64.Build.0 = Debug|Any CPU
		{18D79B1D-DDE7-4AC1-A6D9-6CB6B405C411}.Debug|x86.ActiveCfg = Debug|Any CPU
		{18D79B1D-DDE7-4AC1-A6D9-6CB6B405C411}.Debug|x86.Build.0 = Debug|Any CPU
		{18D79B1D-DDE7-4AC1-A6D9-6CB6B405C411}.Release|Any CPU.ActiveCfg = Release|Any CPU
		{18D79B1D-DDE7-4AC1-A6D9-6CB6B405C411}.Release|Any CPU.Build.0 = Release|Any CPU
		{18D79B1D-DDE7-4AC1-A6D9-6CB6B405C411}.Release|ARM.ActiveCfg = Release|Any CPU
		{18D79B1D-DDE7-4AC1-A6D9-6CB6B405C411}.Release|ARM.Build.0 = Release|Any CPU
		{18D79B1D-DDE7-4AC1-A6D9-6CB6B405C411}.Release|x64.ActiveCfg = Release|Any CPU
		{18D79B1D-DDE7-4AC1-A6D9-6CB6B405C411}.Release|x64.Build.0 = Release|Any CPU
		{18D79B1D-DDE7-4AC1-A6D9-6CB6B405C411}.Release|x86.ActiveCfg = Release|Any CPU
		{18D79B1D-DDE7-4AC1-A6D9-6CB6B405C411}.Release|x86.Build.0 = Release|Any CPU
		{6D7883F0-FF8E-477B-B915-446731B70948}.Debug|Any CPU.ActiveCfg = Debug|Any CPU
		{6D7883F0-FF8E-477B-B915-446731B70948}.Debug|Any CPU.Build.0 = Debug|Any CPU
		{6D7883F0-FF8E-477B-B915-446731B70948}.Debug|ARM.ActiveCfg = Debug|Any CPU
		{6D7883F0-FF8E-477B-B915-446731B70948}.Debug|ARM.Build.0 = Debug|Any CPU
		{6D7883F0-FF8E-477B-B915-446731B70948}.Debug|x64.ActiveCfg = Debug|Any CPU
		{6D7883F0-FF8E-477B-B915-446731B70948}.Debug|x64.Build.0 = Debug|Any CPU
		{6D7883F0-FF8E-477B-B915-446731B70948}.Debug|x86.ActiveCfg = Debug|Any CPU
		{6D7883F0-FF8E-477B-B915-446731B70948}.Debug|x86.Build.0 = Debug|Any CPU
		{6D7883F0-FF8E-477B-B915-446731B70948}.Release|Any CPU.ActiveCfg = Release|Any CPU
		{6D7883F0-FF8E-477B-B915-446731B70948}.Release|Any CPU.Build.0 = Release|Any CPU
		{6D7883F0-FF8E-477B-B915-446731B70948}.Release|ARM.ActiveCfg = Release|Any CPU
		{6D7883F0-FF8E-477B-B915-446731B70948}.Release|ARM.Build.0 = Release|Any CPU
		{6D7883F0-FF8E-477B-B915-446731B70948}.Release|x64.ActiveCfg = Release|Any CPU
		{6D7883F0-FF8E-477B-B915-446731B70948}.Release|x64.Build.0 = Release|Any CPU
		{6D7883F0-FF8E-477B-B915-446731B70948}.Release|x86.ActiveCfg = Release|Any CPU
		{6D7883F0-FF8E-477B-B915-446731B70948}.Release|x86.Build.0 = Release|Any CPU
		{58728355-476D-4F26-84DB-E8CC0E2C51A1}.Debug|Any CPU.ActiveCfg = Debug|Any CPU
		{58728355-476D-4F26-84DB-E8CC0E2C51A1}.Debug|Any CPU.Build.0 = Debug|Any CPU
		{58728355-476D-4F26-84DB-E8CC0E2C51A1}.Debug|ARM.ActiveCfg = Debug|Any CPU
		{58728355-476D-4F26-84DB-E8CC0E2C51A1}.Debug|ARM.Build.0 = Debug|Any CPU
		{58728355-476D-4F26-84DB-E8CC0E2C51A1}.Debug|x64.ActiveCfg = Debug|Any CPU
		{58728355-476D-4F26-84DB-E8CC0E2C51A1}.Debug|x64.Build.0 = Debug|Any CPU
		{58728355-476D-4F26-84DB-E8CC0E2C51A1}.Debug|x86.ActiveCfg = Debug|Any CPU
		{58728355-476D-4F26-84DB-E8CC0E2C51A1}.Debug|x86.Build.0 = Debug|Any CPU
		{58728355-476D-4F26-84DB-E8CC0E2C51A1}.Release|Any CPU.ActiveCfg = Release|Any CPU
		{58728355-476D-4F26-84DB-E8CC0E2C51A1}.Release|Any CPU.Build.0 = Release|Any CPU
		{58728355-476D-4F26-84DB-E8CC0E2C51A1}.Release|ARM.ActiveCfg = Release|Any CPU
		{58728355-476D-4F26-84DB-E8CC0E2C51A1}.Release|ARM.Build.0 = Release|Any CPU
		{58728355-476D-4F26-84DB-E8CC0E2C51A1}.Release|x64.ActiveCfg = Release|Any CPU
		{58728355-476D-4F26-84DB-E8CC0E2C51A1}.Release|x64.Build.0 = Release|Any CPU
		{58728355-476D-4F26-84DB-E8CC0E2C51A1}.Release|x86.ActiveCfg = Release|Any CPU
		{58728355-476D-4F26-84DB-E8CC0E2C51A1}.Release|x86.Build.0 = Release|Any CPU
	EndGlobalSection
	GlobalSection(SolutionProperties) = preSolution
		HideSolutionNode = FALSE
	EndGlobalSection
	GlobalSection(ExtensibilityGlobals) = postSolution
		SolutionGuid = {E92320F5-DF41-472D-A2BE-79CC911306FF}
	EndGlobalSection
EndGlobal
